
Microsoft Visual Studio Solution File, Format Version 12.00
# Visual Studio Version 17
VisualStudioVersion = 17.11.35219.272
MinimumVisualStudioVersion = 10.0.40219.1
Project("{FAE04EC0-301F-11D3-BF4B-00C04F79EFBC}") = "ShopTARge23", "ShopTARge23\ShopTARge23.csproj", "{BE190290-AEB5-45BA-A09B-BF8B95373D24}"
EndProject
Global
	GlobalSection(SolutionConfigurationPlatforms) = preSolution
		Debug|Any CPU = Debug|Any CPU
		Release|Any CPU = Release|Any CPU
	EndGlobalSection
	GlobalSection(ProjectConfigurationPlatforms) = postSolution
		{BE190290-AEB5-45BA-A09B-BF8B95373D24}.Debug|Any CPU.ActiveCfg = Debug|Any CPU
		{BE190290-AEB5-45BA-A09B-BF8B95373D24}.Debug|Any CPU.Build.0 = Debug|Any CPU
		{BE190290-AEB5-45BA-A09B-BF8B95373D24}.Release|Any CPU.ActiveCfg = Release|Any CPU
		{BE190290-AEB5-45BA-A09B-BF8B95373D24}.Release|Any CPU.Build.0 = Release|Any CPU
	EndGlobalSection
	GlobalSection(SolutionProperties) = preSolution
		HideSolutionNode = FALSE
	EndGlobalSection
	GlobalSection(ExtensibilityGlobals) = postSolution
		SolutionGuid = {68E4F81A-EED3-4437-91B1-6CAB30D39819}
	EndGlobalSection
EndGlobal
